
Microsoft Visual Studio Solution File, Format Version 12.00
# Visual Studio 15
VisualStudioVersion = 15.0.28010.2041
MinimumVisualStudioVersion = 10.0.40219.1
Project("{FAE04EC0-301F-11D3-BF4B-00C04F79EFBC}") = "ChristmasProject.Android", "ChristmasProject\ChristmasProject.Android\ChristmasProject.Android.csproj", "{1CBFB748-D0FF-4836-A58B-6BED9C9D420C}"
EndProject
Project("{FAE04EC0-301F-11D3-BF4B-00C04F79EFBC}") = "ChristmasProject.iOS", "ChristmasProject\ChristmasProject.iOS\ChristmasProject.iOS.csproj", "{8A8DAB1F-57D8-4729-AC43-F5E860995E8D}"
EndProject
Project("{FAE04EC0-301F-11D3-BF4B-00C04F79EFBC}") = "ChristmasProject.UWP", "ChristmasProject\ChristmasProject.UWP\ChristmasProject.UWP.csproj", "{4EF3D729-E072-42DF-A0EC-4E3AFBFB9983}"
EndProject
Project("{FAE04EC0-301F-11D3-BF4B-00C04F79EFBC}") = "ChristmasProject", "ChristmasProject\ChristmasProject\ChristmasProject.csproj", "{02304E65-5E63-4AA2-BFCC-5B5CCAD56B38}"
EndProject
Global
	GlobalSection(SolutionConfigurationPlatforms) = preSolution
		Ad-Hoc|Any CPU = Ad-Hoc|Any CPU
		Ad-Hoc|ARM = Ad-Hoc|ARM
		Ad-Hoc|iPhone = Ad-Hoc|iPhone
		Ad-Hoc|iPhoneSimulator = Ad-Hoc|iPhoneSimulator
		Ad-Hoc|x64 = Ad-Hoc|x64
		Ad-Hoc|x86 = Ad-Hoc|x86
		AppStore|Any CPU = AppStore|Any CPU
		AppStore|ARM = AppStore|ARM
		AppStore|iPhone = AppStore|iPhone
		AppStore|iPhoneSimulator = AppStore|iPhoneSimulator
		AppStore|x64 = AppStore|x64
		AppStore|x86 = AppStore|x86
		Debug|Any CPU = Debug|Any CPU
		Debug|ARM = Debug|ARM
		Debug|iPhone = Debug|iPhone
		Debug|iPhoneSimulator = Debug|iPhoneSimulator
		Debug|x64 = Debug|x64
		Debug|x86 = Debug|x86
		Release|Any CPU = Release|Any CPU
		Release|ARM = Release|ARM
		Release|iPhone = Release|iPhone
		Release|iPhoneSimulator = Release|iPhoneSimulator
		Release|x64 = Release|x64
		Release|x86 = Release|x86
	EndGlobalSection
	GlobalSection(ProjectConfigurationPlatforms) = postSolution
		{1CBFB748-D0FF-4836-A58B-6BED9C9D420C}.Ad-Hoc|Any CPU.ActiveCfg = Release|Any CPU
		{1CBFB748-D0FF-4836-A58B-6BED9C9D420C}.Ad-Hoc|Any CPU.Build.0 = Release|Any CPU
		{1CBFB748-D0FF-4836-A58B-6BED9C9D420C}.Ad-Hoc|Any CPU.Deploy.0 = Release|Any CPU
		{1CBFB748-D0FF-4836-A58B-6BED9C9D420C}.Ad-Hoc|ARM.ActiveCfg = Release|Any CPU
		{1CBFB748-D0FF-4836-A58B-6BED9C9D420C}.Ad-Hoc|ARM.Build.0 = Release|Any CPU
		{1CBFB748-D0FF-4836-A58B-6BED9C9D420C}.Ad-Hoc|ARM.Deploy.0 = Release|Any CPU
		{1CBFB748-D0FF-4836-A58B-6BED9C9D420C}.Ad-Hoc|iPhone.ActiveCfg = Release|Any CPU
		{1CBFB748-D0FF-4836-A58B-6BED9C9D420C}.Ad-Hoc|iPhone.Build.0 = Release|Any CPU
		{1CBFB748-D0FF-4836-A58B-6BED9C9D420C}.Ad-Hoc|iPhone.Deploy.0 = Release|Any CPU
		{1CBFB748-D0FF-4836-A58B-6BED9C9D420C}.Ad-Hoc|iPhoneSimulator.ActiveCfg = Release|Any CPU
		{1CBFB748-D0FF-4836-A58B-6BED9C9D420C}.Ad-Hoc|iPhoneSimulator.Build.0 = Release|Any CPU
		{1CBFB748-D0FF-4836-A58B-6BED9C9D420C}.Ad-Hoc|iPhoneSimulator.Deploy.0 = Release|Any CPU
		{1CBFB748-D0FF-4836-A58B-6BED9C9D420C}.Ad-Hoc|x64.ActiveCfg = Release|Any CPU
		{1CBFB748-D0FF-4836-A58B-6BED9C9D420C}.Ad-Hoc|x64.Build.0 = Release|Any CPU
		{1CBFB748-D0FF-4836-A58B-6BED9C9D420C}.Ad-Hoc|x64.Deploy.0 = Release|Any CPU
		{1CBFB748-D0FF-4836-A58B-6BED9C9D420C}.Ad-Hoc|x86.ActiveCfg = Release|Any CPU
		{1CBFB748-D0FF-4836-A58B-6BED9C9D420C}.Ad-Hoc|x86.Build.0 = Release|Any CPU
		{1CBFB748-D0FF-4836-A58B-6BED9C9D420C}.Ad-Hoc|x86.Deploy.0 = Release|Any CPU
		{1CBFB748-D0FF-4836-A58B-6BED9C9D420C}.AppStore|Any CPU.ActiveCfg = Release|Any CPU
		{1CBFB748-D0FF-4836-A58B-6BED9C9D420C}.AppStore|Any CPU.Build.0 = Release|Any CPU
		{1CBFB748-D0FF-4836-A58B-6BED9C9D420C}.AppStore|Any CPU.Deploy.0 = Release|Any CPU
		{1CBFB748-D0FF-4836-A58B-6BED9C9D420C}.AppStore|ARM.ActiveCfg = Release|Any CPU
		{1CBFB748-D0FF-4836-A58B-6BED9C9D420C}.AppStore|ARM.Build.0 = Release|Any CPU
		{1CBFB748-D0FF-4836-A58B-6BED9C9D420C}.AppStore|ARM.Deploy.0 = Release|Any CPU
		{1CBFB748-D0FF-4836-A58B-6BED9C9D420C}.AppStore|iPhone.ActiveCfg = Release|Any CPU
		{1CBFB748-D0FF-4836-A58B-6BED9C9D420C}.AppStore|iPhone.Build.0 = Release|Any CPU
		{1CBFB748-D0FF-4836-A58B-6BED9C9D420C}.AppStore|iPhone.Deploy.0 = Release|Any CPU
		{1CBFB748-D0FF-4836-A58B-6BED9C9D420C}.AppStore|iPhoneSimulator.ActiveCfg = Release|Any CPU
		{1CBFB748-D0FF-4836-A58B-6BED9C9D420C}.AppStore|iPhoneSimulator.Build.0 = Release|Any CPU
		{1CBFB748-D0FF-4836-A58B-6BED9C9D420C}.AppStore|iPhoneSimulator.Deploy.0 = Release|Any CPU
		{1CBFB748-D0FF-4836-A58B-6BED9C9D420C}.AppStore|x64.ActiveCfg = Release|Any CPU
		{1CBFB748-D0FF-4836-A58B-6BED9C9D420C}.AppStore|x64.Build.0 = Release|Any CPU
		{1CBFB748-D0FF-4836-A58B-6BED9C9D420C}.AppStore|x64.Deploy.0 = Release|Any CPU
		{1CBFB748-D0FF-4836-A58B-6BED9C9D420C}.AppStore|x86.ActiveCfg = Release|Any CPU
		{1CBFB748-D0FF-4836-A58B-6BED9C9D420C}.AppStore|x86.Build.0 = Release|Any CPU
		{1CBFB748-D0FF-4836-A58B-6BED9C9D420C}.AppStore|x86.Deploy.0 = Release|Any CPU
		{1CBFB748-D0FF-4836-A58B-6BED9C9D420C}.Debug|Any CPU.ActiveCfg = Debug|Any CPU
		{1CBFB748-D0FF-4836-A58B-6BED9C9D420C}.Debug|Any CPU.Build.0 = Debug|Any CPU
		{1CBFB748-D0FF-4836-A58B-6BED9C9D420C}.Debug|Any CPU.Deploy.0 = Debug|Any CPU
		{1CBFB748-D0FF-4836-A58B-6BED9C9D420C}.Debug|ARM.ActiveCfg = Debug|Any CPU
		{1CBFB748-D0FF-4836-A58B-6BED9C9D420C}.Debug|ARM.Build.0 = Debug|Any CPU
		{1CBFB748-D0FF-4836-A58B-6BED9C9D420C}.Debug|ARM.Deploy.0 = Debug|Any CPU
		{1CBFB748-D0FF-4836-A58B-6BED9C9D420C}.Debug|iPhone.ActiveCfg = Debug|Any CPU
		{1CBFB748-D0FF-4836-A58B-6BED9C9D420C}.Debug|iPhone.Build.0 = Debug|Any CPU
		{1CBFB748-D0FF-4836-A58B-6BED9C9D420C}.Debug|iPhone.Deploy.0 = Debug|Any CPU
		{1CBFB748-D0FF-4836-A58B-6BED9C9D420C}.Debug|iPhoneSimulator.ActiveCfg = Debug|Any CPU
		{1CBFB748-D0FF-4836-A58B-6BED9C9D420C}.Debug|iPhoneSimulator.Build.0 = Debug|Any CPU
		{1CBFB748-D0FF-4836-A58B-6BED9C9D420C}.Debug|iPhoneSimulator.Deploy.0 = Debug|Any CPU
		{1CBFB748-D0FF-4836-A58B-6BED9C9D420C}.Debug|x64.ActiveCfg = Debug|Any CPU
		{1CBFB748-D0FF-4836-A58B-6BED9C9D420C}.Debug|x64.Build.0 = Debug|Any CPU
		{1CBFB748-D0FF-4836-A58B-6BED9C9D420C}.Debug|x64.Deploy.0 = Debug|Any CPU
		{1CBFB748-D0FF-4836-A58B-6BED9C9D420C}.Debug|x86.ActiveCfg = Debug|Any CPU
		{1CBFB748-D0FF-4836-A58B-6BED9C9D420C}.Debug|x86.Build.0 = Debug|Any CPU
		{1CBFB748-D0FF-4836-A58B-6BED9C9D420C}.Debug|x86.Deploy.0 = Debug|Any CPU
		{1CBFB748-D0FF-4836-A58B-6BED9C9D420C}.Release|Any CPU.ActiveCfg = Release|Any CPU
		{1CBFB748-D0FF-4836-A58B-6BED9C9D420C}.Release|Any CPU.Build.0 = Release|Any CPU
		{1CBFB748-D0FF-4836-A58B-6BED9C9D420C}.Release|Any CPU.Deploy.0 = Release|Any CPU
		{1CBFB748-D0FF-4836-A58B-6BED9C9D420C}.Release|ARM.ActiveCfg = Release|Any CPU
		{1CBFB748-D0FF-4836-A58B-6BED9C9D420C}.Release|ARM.Build.0 = Release|Any CPU
		{1CBFB748-D0FF-4836-A58B-6BED9C9D420C}.Release|ARM.Deploy.0 = Release|Any CPU
		{1CBFB748-D0FF-4836-A58B-6BED9C9D420C}.Release|iPhone.ActiveCfg = Release|Any CPU
		{1CBFB748-D0FF-4836-A58B-6BED9C9D420C}.Release|iPhone.Build.0 = Release|Any CPU
		{1CBFB748-D0FF-4836-A58B-6BED9C9D420C}.Release|iPhone.Deploy.0 = Release|Any CPU
		{1CBFB748-D0FF-4836-A58B-6BED9C9D420C}.Release|iPhoneSimulator.ActiveCfg = Release|Any CPU
		{1CBFB748-D0FF-4836-A58B-6BED9C9D420C}.Release|iPhoneSimulator.Build.0 = Release|Any CPU
		{1CBFB748-D0FF-4836-A58B-6BED9C9D420C}.Release|iPhoneSimulator.Deploy.0 = Release|Any CPU
		{1CBFB748-D0FF-4836-A58B-6BED9C9D420C}.Release|x64.ActiveCfg = Release|Any CPU
		{1CBFB748-D0FF-4836-A58B-6BED9C9D420C}.Release|x64.Build.0 = Release|Any CPU
		{1CBFB748-D0FF-4836-A58B-6BED9C9D420C}.Release|x64.Deploy.0 = Release|Any CPU
		{1CBFB748-D0FF-4836-A58B-6BED9C9D420C}.Release|x86.ActiveCfg = Release|Any CPU
		{1CBFB748-D0FF-4836-A58B-6BED9C9D420C}.Release|x86.Build.0 = Release|Any CPU
		{1CBFB748-D0FF-4836-A58B-6BED9C9D420C}.Release|x86.Deploy.0 = Release|Any CPU
		{8A8DAB1F-57D8-4729-AC43-F5E860995E8D}.Ad-Hoc|Any CPU.ActiveCfg = Ad-Hoc|iPhone
		{8A8DAB1F-57D8-4729-AC43-F5E860995E8D}.Ad-Hoc|Any CPU.Build.0 = Ad-Hoc|iPhone
		{8A8DAB1F-57D8-4729-AC43-F5E860995E8D}.Ad-Hoc|Any CPU.Deploy.0 = Ad-Hoc|iPhone
		{8A8DAB1F-57D8-4729-AC43-F5E860995E8D}.Ad-Hoc|ARM.ActiveCfg = Ad-Hoc|iPhone
		{8A8DAB1F-57D8-4729-AC43-F5E860995E8D}.Ad-Hoc|ARM.Build.0 = Ad-Hoc|iPhone
		{8A8DAB1F-57D8-4729-AC43-F5E860995E8D}.Ad-Hoc|ARM.Deploy.0 = Ad-Hoc|iPhone
		{8A8DAB1F-57D8-4729-AC43-F5E860995E8D}.Ad-Hoc|iPhone.ActiveCfg = Ad-Hoc|iPhone
		{8A8DAB1F-57D8-4729-AC43-F5E860995E8D}.Ad-Hoc|iPhone.Build.0 = Ad-Hoc|iPhone
		{8A8DAB1F-57D8-4729-AC43-F5E860995E8D}.Ad-Hoc|iPhone.Deploy.0 = Ad-Hoc|iPhone
		{8A8DAB1F-57D8-4729-AC43-F5E860995E8D}.Ad-Hoc|iPhoneSimulator.ActiveCfg = Ad-Hoc|iPhoneSimulator
		{8A8DAB1F-57D8-4729-AC43-F5E860995E8D}.Ad-Hoc|iPhoneSimulator.Build.0 = Ad-Hoc|iPhoneSimulator
		{8A8DAB1F-57D8-4729-AC43-F5E860995E8D}.Ad-Hoc|iPhoneSimulator.Deploy.0 = Ad-Hoc|iPhoneSimulator
		{8A8DAB1F-57D8-4729-AC43-F5E860995E8D}.Ad-Hoc|x64.ActiveCfg = Ad-Hoc|iPhone
		{8A8DAB1F-57D8-4729-AC43-F5E860995E8D}.Ad-Hoc|x64.Build.0 = Ad-Hoc|iPhone
		{8A8DAB1F-57D8-4729-AC43-F5E860995E8D}.Ad-Hoc|x64.Deploy.0 = Ad-Hoc|iPhone
		{8A8DAB1F-57D8-4729-AC43-F5E860995E8D}.Ad-Hoc|x86.ActiveCfg = Ad-Hoc|iPhone
		{8A8DAB1F-57D8-4729-AC43-F5E860995E8D}.Ad-Hoc|x86.Build.0 = Ad-Hoc|iPhone
		{8A8DAB1F-57D8-4729-AC43-F5E860995E8D}.Ad-Hoc|x86.Deploy.0 = Ad-Hoc|iPhone
		{8A8DAB1F-57D8-4729-AC43-F5E860995E8D}.AppStore|Any CPU.ActiveCfg = AppStore|iPhone
		{8A8DAB1F-57D8-4729-AC43-F5E860995E8D}.AppStore|Any CPU.Build.0 = AppStore|iPhone
		{8A8DAB1F-57D8-4729-AC43-F5E860995E8D}.AppStore|Any CPU.Deploy.0 = AppStore|iPhone
		{8A8DAB1F-57D8-4729-AC43-F5E860995E8D}.AppStore|ARM.ActiveCfg = AppStore|iPhone
		{8A8DAB1F-57D8-4729-AC43-F5E860995E8D}.AppStore|ARM.Build.0 = AppStore|iPhone
		{8A8DAB1F-57D8-4729-AC43-F5E860995E8D}.AppStore|ARM.Deploy.0 = AppStore|iPhone
		{8A8DAB1F-57D8-4729-AC43-F5E860995E8D}.AppStore|iPhone.ActiveCfg = AppStore|iPhone
		{8A8DAB1F-57D8-4729-AC43-F5E860995E8D}.AppStore|iPhone.Build.0 = AppStore|iPhone
		{8A8DAB1F-57D8-4729-AC43-F5E860995E8D}.AppStore|iPhone.Deploy.0 = AppStore|iPhone
		{8A8DAB1F-57D8-4729-AC43-F5E860995E8D}.AppStore|iPhoneSimulator.ActiveCfg = AppStore|iPhoneSimulator
		{8A8DAB1F-57D8-4729-AC43-F5E860995E8D}.AppStore|iPhoneSimulator.Build.0 = AppStore|iPhoneSimulator
		{8A8DAB1F-57D8-4729-AC43-F5E860995E8D}.AppStore|iPhoneSimulator.Deploy.0 = AppStore|iPhoneSimulator
		{8A8DAB1F-57D8-4729-AC43-F5E860995E8D}.AppStore|x64.ActiveCfg = AppStore|iPhone
		{8A8DAB1F-57D8-4729-AC43-F5E860995E8D}.AppStore|x64.Build.0 = AppStore|iPhone
		{8A8DAB1F-57D8-4729-AC43-F5E860995E8D}.AppStore|x64.Deploy.0 = AppStore|iPhone
		{8A8DAB1F-57D8-4729-AC43-F5E860995E8D}.AppStore|x86.ActiveCfg = AppStore|iPhone
		{8A8DAB1F-57D8-4729-AC43-F5E860995E8D}.AppStore|x86.Build.0 = AppStore|iPhone
		{8A8DAB1F-57D8-4729-AC43-F5E860995E8D}.AppStore|x86.Deploy.0 = AppStore|iPhone
		{8A8DAB1F-57D8-4729-AC43-F5E860995E8D}.Debug|Any CPU.ActiveCfg = Debug|iPhoneSimulator
		{8A8DAB1F-57D8-4729-AC43-F5E860995E8D}.Debug|Any CPU.Build.0 = Debug|iPhoneSimulator
		{8A8DAB1F-57D8-4729-AC43-F5E860995E8D}.Debug|Any CPU.Deploy.0 = Debug|iPhoneSimulator
		{8A8DAB1F-57D8-4729-AC43-F5E860995E8D}.Debug|ARM.ActiveCfg = Debug|iPhone
		{8A8DAB1F-57D8-4729-AC43-F5E860995E8D}.Debug|ARM.Build.0 = Debug|iPhone
		{8A8DAB1F-57D8-4729-AC43-F5E860995E8D}.Debug|ARM.Deploy.0 = Debug|iPhone
		{8A8DAB1F-57D8-4729-AC43-F5E860995E8D}.Debug|iPhone.ActiveCfg = Debug|iPhone
		{8A8DAB1F-57D8-4729-AC43-F5E860995E8D}.Debug|iPhone.Build.0 = Debug|iPhone
		{8A8DAB1F-57D8-4729-AC43-F5E860995E8D}.Debug|iPhone.Deploy.0 = Debug|iPhone
		{8A8DAB1F-57D8-4729-AC43-F5E860995E8D}.Debug|iPhoneSimulator.ActiveCfg = Debug|iPhoneSimulator
		{8A8DAB1F-57D8-4729-AC43-F5E860995E8D}.Debug|iPhoneSimulator.Build.0 = Debug|iPhoneSimulator
		{8A8DAB1F-57D8-4729-AC43-F5E860995E8D}.Debug|iPhoneSimulator.Deploy.0 = Debug|iPhoneSimulator
		{8A8DAB1F-57D8-4729-AC43-F5E860995E8D}.Debug|x64.ActiveCfg = Debug|iPhone
		{8A8DAB1F-57D8-4729-AC43-F5E860995E8D}.Debug|x64.Build.0 = Debug|iPhone
		{8A8DAB1F-57D8-4729-AC43-F5E860995E8D}.Debug|x64.Deploy.0 = Debug|iPhone
		{8A8DAB1F-57D8-4729-AC43-F5E860995E8D}.Debug|x86.ActiveCfg = Debug|iPhone
		{8A8DAB1F-57D8-4729-AC43-F5E860995E8D}.Debug|x86.Build.0 = Debug|iPhone
		{8A8DAB1F-57D8-4729-AC43-F5E860995E8D}.Debug|x86.Deploy.0 = Debug|iPhone
		{8A8DAB1F-57D8-4729-AC43-F5E860995E8D}.Release|Any CPU.ActiveCfg = Release|iPhone
		{8A8DAB1F-57D8-4729-AC43-F5E860995E8D}.Release|Any CPU.Build.0 = Release|iPhone
		{8A8DAB1F-57D8-4729-AC43-F5E860995E8D}.Release|Any CPU.Deploy.0 = Release|iPhone
		{8A8DAB1F-57D8-4729-AC43-F5E860995E8D}.Release|ARM.ActiveCfg = Release|iPhone
		{8A8DAB1F-57D8-4729-AC43-F5E860995E8D}.Release|ARM.Build.0 = Release|iPhone
		{8A8DAB1F-57D8-4729-AC43-F5E860995E8D}.Release|ARM.Deploy.0 = Release|iPhone
		{8A8DAB1F-57D8-4729-AC43-F5E860995E8D}.Release|iPhone.ActiveCfg = Release|iPhone
		{8A8DAB1F-57D8-4729-AC43-F5E860995E8D}.Release|iPhone.Build.0 = Release|iPhone
		{8A8DAB1F-57D8-4729-AC43-F5E860995E8D}.Release|iPhone.Deploy.0 = Release|iPhone
		{8A8DAB1F-57D8-4729-AC43-F5E860995E8D}.Release|iPhoneSimulator.ActiveCfg = Release|iPhoneSimulator
		{8A8DAB1F-57D8-4729-AC43-F5E860995E8D}.Release|iPhoneSimulator.Build.0 = Release|iPhoneSimulator
		{8A8DAB1F-57D8-4729-AC43-F5E860995E8D}.Release|iPhoneSimulator.Deploy.0 = Release|iPhoneSimulator
		{8A8DAB1F-57D8-4729-AC43-F5E860995E8D}.Release|x64.ActiveCfg = Release|iPhone
		{8A8DAB1F-57D8-4729-AC43-F5E860995E8D}.Release|x64.Build.0 = Release|iPhone
		{8A8DAB1F-57D8-4729-AC43-F5E860995E8D}.Release|x64.Deploy.0 = Release|iPhone
		{8A8DAB1F-57D8-4729-AC43-F5E860995E8D}.Release|x86.ActiveCfg = Release|iPhone
		{8A8DAB1F-57D8-4729-AC43-F5E860995E8D}.Release|x86.Build.0 = Release|iPhone
		{8A8DAB1F-57D8-4729-AC43-F5E860995E8D}.Release|x86.Deploy.0 = Release|iPhone
		{4EF3D729-E072-42DF-A0EC-4E3AFBFB9983}.Ad-Hoc|Any CPU.ActiveCfg = Release|x86
		{4EF3D729-E072-42DF-A0EC-4E3AFBFB9983}.Ad-Hoc|Any CPU.Build.0 = Release|x86
		{4EF3D729-E072-42DF-A0EC-4E3AFBFB9983}.Ad-Hoc|Any CPU.Deploy.0 = Release|x86
		{4EF3D729-E072-42DF-A0EC-4E3AFBFB9983}.Ad-Hoc|ARM.ActiveCfg = Release|ARM
		{4EF3D729-E072-42DF-A0EC-4E3AFBFB9983}.Ad-Hoc|ARM.Build.0 = Release|ARM
		{4EF3D729-E072-42DF-A0EC-4E3AFBFB9983}.Ad-Hoc|ARM.Deploy.0 = Release|ARM
		{4EF3D729-E072-42DF-A0EC-4E3AFBFB9983}.Ad-Hoc|iPhone.ActiveCfg = Release|x86
		{4EF3D729-E072-42DF-A0EC-4E3AFBFB9983}.Ad-Hoc|iPhone.Build.0 = Release|x86
		{4EF3D729-E072-42DF-A0EC-4E3AFBFB9983}.Ad-Hoc|iPhone.Deploy.0 = Release|x86
		{4EF3D729-E072-42DF-A0EC-4E3AFBFB9983}.Ad-Hoc|iPhoneSimulator.ActiveCfg = Release|x86
		{4EF3D729-E072-42DF-A0EC-4E3AFBFB9983}.Ad-Hoc|iPhoneSimulator.Build.0 = Release|x86
		{4EF3D729-E072-42DF-A0EC-4E3AFBFB9983}.Ad-Hoc|iPhoneSimulator.Deploy.0 = Release|x86
		{4EF3D729-E072-42DF-A0EC-4E3AFBFB9983}.Ad-Hoc|x64.ActiveCfg = Release|x64
		{4EF3D729-E072-42DF-A0EC-4E3AFBFB9983}.Ad-Hoc|x64.Build.0 = Release|x64
		{4EF3D729-E072-42DF-A0EC-4E3AFBFB9983}.Ad-Hoc|x64.Deploy.0 = Release|x64
		{4EF3D729-E072-42DF-A0EC-4E3AFBFB9983}.Ad-Hoc|x86.ActiveCfg = Release|x86
		{4EF3D729-E072-42DF-A0EC-4E3AFBFB9983}.Ad-Hoc|x86.Build.0 = Release|x86
		{4EF3D729-E072-42DF-A0EC-4E3AFBFB9983}.Ad-Hoc|x86.Deploy.0 = Release|x86
		{4EF3D729-E072-42DF-A0EC-4E3AFBFB9983}.AppStore|Any CPU.ActiveCfg = Release|x86
		{4EF3D729-E072-42DF-A0EC-4E3AFBFB9983}.AppStore|Any CPU.Build.0 = Release|x86
		{4EF3D729-E072-42DF-A0EC-4E3AFBFB9983}.AppStore|Any CPU.Deploy.0 = Release|x86
		{4EF3D729-E072-42DF-A0EC-4E3AFBFB9983}.AppStore|ARM.ActiveCfg = Release|ARM
		{4EF3D729-E072-42DF-A0EC-4E3AFBFB9983}.AppStore|ARM.Build.0 = Release|ARM
		{4EF3D729-E072-42DF-A0EC-4E3AFBFB9983}.AppStore|ARM.Deploy.0 = Release|ARM
		{4EF3D729-E072-42DF-A0EC-4E3AFBFB9983}.AppStore|iPhone.ActiveCfg = Release|x86
		{4EF3D729-E072-42DF-A0EC-4E3AFBFB9983}.AppStore|iPhone.Build.0 = Release|x86
		{4EF3D729-E072-42DF-A0EC-4E3AFBFB9983}.AppStore|iPhone.Deploy.0 = Release|x86
		{4EF3D729-E072-42DF-A0EC-4E3AFBFB9983}.AppStore|iPhoneSimulator.ActiveCfg = Release|x86
		{4EF3D729-E072-42DF-A0EC-4E3AFBFB9983}.AppStore|iPhoneSimulator.Build.0 = Release|x86
		{4EF3D729-E072-42DF-A0EC-4E3AFBFB9983}.AppStore|iPhoneSimulator.Deploy.0 = Release|x86
		{4EF3D729-E072-42DF-A0EC-4E3AFBFB9983}.AppStore|x64.ActiveCfg = Release|x64
		{4EF3D729-E072-42DF-A0EC-4E3AFBFB9983}.AppStore|x64.Build.0 = Release|x64
		{4EF3D729-E072-42DF-A0EC-4E3AFBFB9983}.AppStore|x64.Deploy.0 = Release|x64
		{4EF3D729-E072-42DF-A0EC-4E3AFBFB9983}.AppStore|x86.ActiveCfg = Release|x86
		{4EF3D729-E072-42DF-A0EC-4E3AFBFB9983}.AppStore|x86.Build.0 = Release|x86
		{4EF3D729-E072-42DF-A0EC-4E3AFBFB9983}.AppStore|x86.Deploy.0 = Release|x86
		{4EF3D729-E072-42DF-A0EC-4E3AFBFB9983}.Debug|Any CPU.ActiveCfg = Debug|x86
		{4EF3D729-E072-42DF-A0EC-4E3AFBFB9983}.Debug|Any CPU.Build.0 = Debug|x86
		{4EF3D729-E072-42DF-A0EC-4E3AFBFB9983}.Debug|Any CPU.Deploy.0 = Debug|x86
		{4EF3D729-E072-42DF-A0EC-4E3AFBFB9983}.Debug|ARM.ActiveCfg = Debug|ARM
		{4EF3D729-E072-42DF-A0EC-4E3AFBFB9983}.Debug|ARM.Build.0 = Debug|ARM
		{4EF3D729-E072-42DF-A0EC-4E3AFBFB9983}.Debug|ARM.Deploy.0 = Debug|ARM
		{4EF3D729-E072-42DF-A0EC-4E3AFBFB9983}.Debug|iPhone.ActiveCfg = Debug|x86
		{4EF3D729-E072-42DF-A0EC-4E3AFBFB9983}.Debug|iPhone.Build.0 = Debug|x86
		{4EF3D729-E072-42DF-A0EC-4E3AFBFB9983}.Debug|iPhone.Deploy.0 = Debug|x86
		{4EF3D729-E072-42DF-A0EC-4E3AFBFB9983}.Debug|iPhoneSimulator.ActiveCfg = Debug|x86
		{4EF3D729-E072-42DF-A0EC-4E3AFBFB9983}.Debug|iPhoneSimulator.Build.0 = Debug|x86
		{4EF3D729-E072-42DF-A0EC-4E3AFBFB9983}.Debug|iPhoneSimulator.Deploy.0 = Debug|x86
		{4EF3D729-E072-42DF-A0EC-4E3AFBFB9983}.Debug|x64.ActiveCfg = Debug|x64
		{4EF3D729-E072-42DF-A0EC-4E3AFBFB9983}.Debug|x64.Build.0 = Debug|x64
		{4EF3D729-E072-42DF-A0EC-4E3AFBFB9983}.Debug|x64.Deploy.0 = Debug|x64
		{4EF3D729-E072-42DF-A0EC-4E3AFBFB9983}.Debug|x86.ActiveCfg = Debug|x86
		{4EF3D729-E072-42DF-A0EC-4E3AFBFB9983}.Debug|x86.Build.0 = Debug|x86
		{4EF3D729-E072-42DF-A0EC-4E3AFBFB9983}.Debug|x86.Deploy.0 = Debug|x86
		{4EF3D729-E072-42DF-A0EC-4E3AFBFB9983}.Release|Any CPU.ActiveCfg = Release|x86
		{4EF3D729-E072-42DF-A0EC-4E3AFBFB9983}.Release|Any CPU.Build.0 = Release|x86
		{4EF3D729-E072-42DF-A0EC-4E3AFBFB9983}.Release|Any CPU.Deploy.0 = Release|x86
		{4EF3D729-E072-42DF-A0EC-4E3AFBFB9983}.Release|ARM.ActiveCfg = Release|ARM
		{4EF3D729-E072-42DF-A0EC-4E3AFBFB9983}.Release|ARM.Build.0 = Release|ARM
		{4EF3D729-E072-42DF-A0EC-4E3AFBFB9983}.Release|ARM.Deploy.0 = Release|ARM
		{4EF3D729-E072-42DF-A0EC-4E3AFBFB9983}.Release|iPhone.ActiveCfg = Release|x86
		{4EF3D729-E072-42DF-A0EC-4E3AFBFB9983}.Release|iPhone.Build.0 = Release|x86
		{4EF3D729-E072-42DF-A0EC-4E3AFBFB9983}.Release|iPhone.Deploy.0 = Release|x86
		{4EF3D729-E072-42DF-A0EC-4E3AFBFB9983}.Release|iPhoneSimulator.ActiveCfg = Release|x86
		{4EF3D729-E072-42DF-A0EC-4E3AFBFB9983}.Release|iPhoneSimulator.Build.0 = Release|x86
		{4EF3D729-E072-42DF-A0EC-4E3AFBFB9983}.Release|iPhoneSimulator.Deploy.0 = Release|x86
		{4EF3D729-E072-42DF-A0EC-4E3AFBFB9983}.Release|x64.ActiveCfg = Release|x64
		{4EF3D729-E072-42DF-A0EC-4E3AFBFB9983}.Release|x64.Build.0 = Release|x64
		{4EF3D729-E072-42DF-A0EC-4E3AFBFB9983}.Release|x64.Deploy.0 = Release|x64
		{4EF3D729-E072-42DF-A0EC-4E3AFBFB9983}.Release|x86.ActiveCfg = Release|x86
		{4EF3D729-E072-42DF-A0EC-4E3AFBFB9983}.Release|x86.Build.0 = Release|x86
		{4EF3D729-E072-42DF-A0EC-4E3AFBFB9983}.Release|x86.Deploy.0 = Release|x86
		{02304E65-5E63-4AA2-BFCC-5B5CCAD56B38}.Ad-Hoc|Any CPU.ActiveCfg = Debug|Any CPU
		{02304E65-5E63-4AA2-BFCC-5B5CCAD56B38}.Ad-Hoc|Any CPU.Build.0 = Debug|Any CPU
		{02304E65-5E63-4AA2-BFCC-5B5CCAD56B38}.Ad-Hoc|Any CPU.Deploy.0 = Debug|Any CPU
		{02304E65-5E63-4AA2-BFCC-5B5CCAD56B38}.Ad-Hoc|ARM.ActiveCfg = Debug|Any CPU
		{02304E65-5E63-4AA2-BFCC-5B5CCAD56B38}.Ad-Hoc|ARM.Build.0 = Debug|Any CPU
		{02304E65-5E63-4AA2-BFCC-5B5CCAD56B38}.Ad-Hoc|ARM.Deploy.0 = Debug|Any CPU
		{02304E65-5E63-4AA2-BFCC-5B5CCAD56B38}.Ad-Hoc|iPhone.ActiveCfg = Debug|Any CPU
		{02304E65-5E63-4AA2-BFCC-5B5CCAD56B38}.Ad-Hoc|iPhone.Build.0 = Debug|Any CPU
		{02304E65-5E63-4AA2-BFCC-5B5CCAD56B38}.Ad-Hoc|iPhone.Deploy.0 = Debug|Any CPU
		{02304E65-5E63-4AA2-BFCC-5B5CCAD56B38}.Ad-Hoc|iPhoneSimulator.ActiveCfg = Debug|Any CPU
		{02304E65-5E63-4AA2-BFCC-5B5CCAD56B38}.Ad-Hoc|iPhoneSimulator.Build.0 = Debug|Any CPU
		{02304E65-5E63-4AA2-BFCC-5B5CCAD56B38}.Ad-Hoc|iPhoneSimulator.Deploy.0 = Debug|Any CPU
		{02304E65-5E63-4AA2-BFCC-5B5CCAD56B38}.Ad-Hoc|x64.ActiveCfg = Debug|Any CPU
		{02304E65-5E63-4AA2-BFCC-5B5CCAD56B38}.Ad-Hoc|x64.Build.0 = Debug|Any CPU
		{02304E65-5E63-4AA2-BFCC-5B5CCAD56B38}.Ad-Hoc|x64.Deploy.0 = Debug|Any CPU
		{02304E65-5E63-4AA2-BFCC-5B5CCAD56B38}.Ad-Hoc|x86.ActiveCfg = Debug|Any CPU
		{02304E65-5E63-4AA2-BFCC-5B5CCAD56B38}.Ad-Hoc|x86.Build.0 = Debug|Any CPU
		{02304E65-5E63-4AA2-BFCC-5B5CCAD56B38}.Ad-Hoc|x86.Deploy.0 = Debug|Any CPU
		{02304E65-5E63-4AA2-BFCC-5B5CCAD56B38}.AppStore|Any CPU.ActiveCfg = Debug|Any CPU
		{02304E65-5E63-4AA2-BFCC-5B5CCAD56B38}.AppStore|Any CPU.Build.0 = Debug|Any CPU
		{02304E65-5E63-4AA2-BFCC-5B5CCAD56B38}.AppStore|Any CPU.Deploy.0 = Debug|Any CPU
		{02304E65-5E63-4AA2-BFCC-5B5CCAD56B38}.AppStore|ARM.ActiveCfg = Debug|Any CPU
		{02304E65-5E63-4AA2-BFCC-5B5CCAD56B38}.AppStore|ARM.Build.0 = Debug|Any CPU
		{02304E65-5E63-4AA2-BFCC-5B5CCAD56B38}.AppStore|ARM.Deploy.0 = Debug|Any CPU
		{02304E65-5E63-4AA2-BFCC-5B5CCAD56B38}.AppStore|iPhone.ActiveCfg = Debug|Any CPU
		{02304E65-5E63-4AA2-BFCC-5B5CCAD56B38}.AppStore|iPhone.Build.0 = Debug|Any CPU
		{02304E65-5E63-4AA2-BFCC-5B5CCAD56B38}.AppStore|iPhone.Deploy.0 = Debug|Any CPU
		{02304E65-5E63-4AA2-BFCC-5B5CCAD56B38}.AppStore|iPhoneSimulator.ActiveCfg = Debug|Any CPU
		{02304E65-5E63-4AA2-BFCC-5B5CCAD56B38}.AppStore|iPhoneSimulator.Build.0 = Debug|Any CPU
		{02304E65-5E63-4AA2-BFCC-5B5CCAD56B38}.AppStore|iPhoneSimulator.Deploy.0 = Debug|Any CPU
		{02304E65-5E63-4AA2-BFCC-5B5CCAD56B38}.AppStore|x64.ActiveCfg = Debug|Any CPU
		{02304E65-5E63-4AA2-BFCC-5B5CCAD56B38}.AppStore|x64.Build.0 = Debug|Any CPU
		{02304E65-5E63-4AA2-BFCC-5B5CCAD56B38}.AppStore|x64.Deploy.0 = Debug|Any CPU
		{02304E65-5E63-4AA2-BFCC-5B5CCAD56B38}.AppStore|x86.ActiveCfg = Debug|Any CPU
		{02304E65-5E63-4AA2-BFCC-5B5CCAD56B38}.AppStore|x86.Build.0 = Debug|Any CPU
		{02304E65-5E63-4AA2-BFCC-5B5CCAD56B38}.AppStore|x86.Deploy.0 = Debug|Any CPU
		{02304E65-5E63-4AA2-BFCC-5B5CCAD56B38}.Debug|Any CPU.ActiveCfg = Debug|Any CPU
		{02304E65-5E63-4AA2-BFCC-5B5CCAD56B38}.Debug|Any CPU.Build.0 = Debug|Any CPU
		{02304E65-5E63-4AA2-BFCC-5B5CCAD56B38}.Debug|Any CPU.Deploy.0 = Debug|Any CPU
		{02304E65-5E63-4AA2-BFCC-5B5CCAD56B38}.Debug|ARM.ActiveCfg = Debug|Any CPU
		{02304E65-5E63-4AA2-BFCC-5B5CCAD56B38}.Debug|ARM.Build.0 = Debug|Any CPU
		{02304E65-5E63-4AA2-BFCC-5B5CCAD56B38}.Debug|ARM.Deploy.0 = Debug|Any CPU
		{02304E65-5E63-4AA2-BFCC-5B5CCAD56B38}.Debug|iPhone.ActiveCfg = Debug|Any CPU
		{02304E65-5E63-4AA2-BFCC-5B5CCAD56B38}.Debug|iPhone.Build.0 = Debug|Any CPU
		{02304E65-5E63-4AA2-BFCC-5B5CCAD56B38}.Debug|iPhone.Deploy.0 = Debug|Any CPU
		{02304E65-5E63-4AA2-BFCC-5B5CCAD56B38}.Debug|iPhoneSimulator.ActiveCfg = Debug|Any CPU
		{02304E65-5E63-4AA2-BFCC-5B5CCAD56B38}.Debug|iPhoneSimulator.Build.0 = Debug|Any CPU
		{02304E65-5E63-4AA2-BFCC-5B5CCAD56B38}.Debug|iPhoneSimulator.Deploy.0 = Debug|Any CPU
		{02304E65-5E63-4AA2-BFCC-5B5CCAD56B38}.Debug|x64.ActiveCfg = Debug|Any CPU
		{02304E65-5E63-4AA2-BFCC-5B5CCAD56B38}.Debug|x64.Build.0 = Debug|Any CPU
		{02304E65-5E63-4AA2-BFCC-5B5CCAD56B38}.Debug|x64.Deploy.0 = Debug|Any CPU
		{02304E65-5E63-4AA2-BFCC-5B5CCAD56B38}.Debug|x86.ActiveCfg = Debug|Any CPU
		{02304E65-5E63-4AA2-BFCC-5B5CCAD56B38}.Debug|x86.Build.0 = Debug|Any CPU
		{02304E65-5E63-4AA2-BFCC-5B5CCAD56B38}.Debug|x86.Deploy.0 = Debug|Any CPU
		{02304E65-5E63-4AA2-BFCC-5B5CCAD56B38}.Release|Any CPU.ActiveCfg = Release|Any CPU
		{02304E65-5E63-4AA2-BFCC-5B5CCAD56B38}.Release|Any CPU.Build.0 = Release|Any CPU
		{02304E65-5E63-4AA2-BFCC-5B5CCAD56B38}.Release|Any CPU.Deploy.0 = Release|Any CPU
		{02304E65-5E63-4AA2-BFCC-5B5CCAD56B38}.Release|ARM.ActiveCfg = Release|Any CPU
		{02304E65-5E63-4AA2-BFCC-5B5CCAD56B38}.Release|ARM.Build.0 = Release|Any CPU
		{02304E65-5E63-4AA2-BFCC-5B5CCAD56B38}.Release|ARM.Deploy.0 = Release|Any CPU
		{02304E65-5E63-4AA2-BFCC-5B5CCAD56B38}.Release|iPhone.ActiveCfg = Release|Any CPU
		{02304E65-5E63-4AA2-BFCC-5B5CCAD56B38}.Release|iPhone.Build.0 = Release|Any CPU
		{02304E65-5E63-4AA2-BFCC-5B5CCAD56B38}.Release|iPhone.Deploy.0 = Release|Any CPU
		{02304E65-5E63-4AA2-BFCC-5B5CCAD56B38}.Release|iPhoneSimulator.ActiveCfg = Release|Any CPU
		{02304E65-5E63-4AA2-BFCC-5B5CCAD56B38}.Release|iPhoneSimulator.Build.0 = Release|Any CPU
		{02304E65-5E63-4AA2-BFCC-5B5CCAD56B38}.Release|iPhoneSimulator.Deploy.0 = Release|Any CPU
		{02304E65-5E63-4AA2-BFCC-5B5CCAD56B38}.Release|x64.ActiveCfg = Release|Any CPU
		{02304E65-5E63-4AA2-BFCC-5B5CCAD56B38}.Release|x64.Build.0 = Release|Any CPU
		{02304E65-5E63-4AA2-BFCC-5B5CCAD56B38}.Release|x64.Deploy.0 = Release|Any CPU
		{02304E65-5E63-4AA2-BFCC-5B5CCAD56B38}.Release|x86.ActiveCfg = Release|Any CPU
		{02304E65-5E63-4AA2-BFCC-5B5CCAD56B38}.Release|x86.Build.0 = Release|Any CPU
		{02304E65-5E63-4AA2-BFCC-5B5CCAD56B38}.Release|x86.Deploy.0 = Release|Any CPU
	EndGlobalSection
	GlobalSection(SolutionProperties) = preSolution
		HideSolutionNode = FALSE
	EndGlobalSection
	GlobalSection(ExtensibilityGlobals) = postSolution
		SolutionGuid = {5139418F-9C4B-4DD3-A176-9F598B827BF9}
	EndGlobalSection
EndGlobal
